
Microsoft Visual Studio Solution File, Format Version 12.00
# Visual Studio 15
VisualStudioVersion = 15.0.27130.2036
MinimumVisualStudioVersion = 10.0.40219.1
Project("{2150E333-8FDC-42A3-9474-1A3956D46DE8}") = "1 - Application", "1 - Application", "{8E66963F-7763-4842-8104-82900E8DC413}"
EndProject
Project("{2150E333-8FDC-42A3-9474-1A3956D46DE8}") = "2 - Domain", "2 - Domain", "{10F99368-4DC8-46E8-819E-2B03CAFB04BF}"
EndProject
Project("{2150E333-8FDC-42A3-9474-1A3956D46DE8}") = "3 - Service", "3 - Service", "{705F8399-1D09-475B-B916-D011A706C4D3}"
EndProject
Project("{2150E333-8FDC-42A3-9474-1A3956D46DE8}") = "4 - Infra", "4 - Infra", "{621E29D0-8D26-4742-B523-5C4217089949}"
EndProject
Project("{2150E333-8FDC-42A3-9474-1A3956D46DE8}") = "4.1 - Data", "4.1 - Data", "{22AD4FE5-724C-4914-BAAB-20CAFC9FBB05}"
EndProject
Project("{2150E333-8FDC-42A3-9474-1A3956D46DE8}") = "4.2 - CrossCutting", "4.2 - CrossCutting", "{FF69E2EF-A8AB-41F4-81CB-DD936FA14BD8}"
EndProject
Project("{9A19103F-16F7-4668-BE54-9A1E7A4F7556}") = "OAPoliselo.Domain", "OAPoliselo.Domain\OAPoliselo.Domain.csproj", "{9B36B18A-43E5-46CC-933A-1748CBD667D3}"
EndProject
Project("{9A19103F-16F7-4668-BE54-9A1E7A4F7556}") = "OAPoliselo.Service", "OAPoliselo.Service\OAPoliselo.Service.csproj", "{0EF96740-2C02-401A-A448-D510FC472FCE}"
EndProject
Project("{9A19103F-16F7-4668-BE54-9A1E7A4F7556}") = "OAPoliselo.Infra.Data", "OAPoliselo.Infra.Data\OAPoliselo.Infra.Data.csproj", "{A511405D-D0AD-4CCB-9C42-A70ECE659FA1}"
EndProject
Project("{9A19103F-16F7-4668-BE54-9A1E7A4F7556}") = "OAPoliselo.Infra.CrossCutting", "OAPoliselo.Infra.CrossCutting\OAPoliselo.Infra.CrossCutting.csproj", "{6968AE68-389E-407B-84C1-7D03D40FF6E7}"
EndProject
Project("{9A19103F-16F7-4668-BE54-9A1E7A4F7556}") = "OAPoliselo.Api", "OAP.Api\OAPoliselo.Api.csproj", "{A005766C-A3B1-42A7-AF36-EAD5283C1BA5}"
EndProject
Project("{2150E333-8FDC-42A3-9474-1A3956D46DE8}") = "5 - Test", "5 - Test", "{032FB9FE-66B8-4764-90EE-6EF7693D099E}"
EndProject
Project("{FAE04EC0-301F-11D3-BF4B-00C04F79EFBC}") = "OAP.UnitTest", "OAP.UnitTest\OAP.UnitTest.csproj", "{AE2C3095-CEE4-469E-B23A-D53E0EFA0344}"
EndProject
Global
	GlobalSection(SolutionConfigurationPlatforms) = preSolution
		Debug|Any CPU = Debug|Any CPU
		Release|Any CPU = Release|Any CPU
	EndGlobalSection
	GlobalSection(ProjectConfigurationPlatforms) = postSolution
		{9B36B18A-43E5-46CC-933A-1748CBD667D3}.Debug|Any CPU.ActiveCfg = Debug|Any CPU
		{9B36B18A-43E5-46CC-933A-1748CBD667D3}.Debug|Any CPU.Build.0 = Debug|Any CPU
		{9B36B18A-43E5-46CC-933A-1748CBD667D3}.Release|Any CPU.ActiveCfg = Release|Any CPU
		{9B36B18A-43E5-46CC-933A-1748CBD667D3}.Release|Any CPU.Build.0 = Release|Any CPU
		{0EF96740-2C02-401A-A448-D510FC472FCE}.Debug|Any CPU.ActiveCfg = Debug|Any CPU
		{0EF96740-2C02-401A-A448-D510FC472FCE}.Debug|Any CPU.Build.0 = Debug|Any CPU
		{0EF96740-2C02-401A-A448-D510FC472FCE}.Release|Any CPU.ActiveCfg = Release|Any CPU
		{0EF96740-2C02-401A-A448-D510FC472FCE}.Release|Any CPU.Build.0 = Release|Any CPU
		{A511405D-D0AD-4CCB-9C42-A70ECE659FA1}.Debug|Any CPU.ActiveCfg = Debug|Any CPU
		{A511405D-D0AD-4CCB-9C42-A70ECE659FA1}.Debug|Any CPU.Build.0 = Debug|Any CPU
		{A511405D-D0AD-4CCB-9C42-A70ECE659FA1}.Release|Any CPU.ActiveCfg = Release|Any CPU
		{A511405D-D0AD-4CCB-9C42-A70ECE659FA1}.Release|Any CPU.Build.0 = Release|Any CPU
		{6968AE68-389E-407B-84C1-7D03D40FF6E7}.Debug|Any CPU.ActiveCfg = Debug|Any CPU
		{6968AE68-389E-407B-84C1-7D03D40FF6E7}.Debug|Any CPU.Build.0 = Debug|Any CPU
		{6968AE68-389E-407B-84C1-7D03D40FF6E7}.Release|Any CPU.ActiveCfg = Release|Any CPU
		{6968AE68-389E-407B-84C1-7D03D40FF6E7}.Release|Any CPU.Build.0 = Release|Any CPU
		{A005766C-A3B1-42A7-AF36-EAD5283C1BA5}.Debug|Any CPU.ActiveCfg = Debug|Any CPU
		{A005766C-A3B1-42A7-AF36-EAD5283C1BA5}.Debug|Any CPU.Build.0 = Debug|Any CPU
		{A005766C-A3B1-42A7-AF36-EAD5283C1BA5}.Release|Any CPU.ActiveCfg = Release|Any CPU
		{A005766C-A3B1-42A7-AF36-EAD5283C1BA5}.Release|Any CPU.Build.0 = Release|Any CPU
		{AE2C3095-CEE4-469E-B23A-D53E0EFA0344}.Debug|Any CPU.ActiveCfg = Debug|Any CPU
		{AE2C3095-CEE4-469E-B23A-D53E0EFA0344}.Debug|Any CPU.Build.0 = Debug|Any CPU
		{AE2C3095-CEE4-469E-B23A-D53E0EFA0344}.Release|Any CPU.ActiveCfg = Release|Any CPU
		{AE2C3095-CEE4-469E-B23A-D53E0EFA0344}.Release|Any CPU.Build.0 = Release|Any CPU
	EndGlobalSection
	GlobalSection(SolutionProperties) = preSolution
		HideSolutionNode = FALSE
	EndGlobalSection
	GlobalSection(NestedProjects) = preSolution
		{22AD4FE5-724C-4914-BAAB-20CAFC9FBB05} = {621E29D0-8D26-4742-B523-5C4217089949}
		{FF69E2EF-A8AB-41F4-81CB-DD936FA14BD8} = {621E29D0-8D26-4742-B523-5C4217089949}
		{9B36B18A-43E5-46CC-933A-1748CBD667D3} = {10F99368-4DC8-46E8-819E-2B03CAFB04BF}
		{0EF96740-2C02-401A-A448-D510FC472FCE} = {705F8399-1D09-475B-B916-D011A706C4D3}
		{A511405D-D0AD-4CCB-9C42-A70ECE659FA1} = {22AD4FE5-724C-4914-BAAB-20CAFC9FBB05}
		{6968AE68-389E-407B-84C1-7D03D40FF6E7} = {FF69E2EF-A8AB-41F4-81CB-DD936FA14BD8}
		{A005766C-A3B1-42A7-AF36-EAD5283C1BA5} = {8E66963F-7763-4842-8104-82900E8DC413}
		{AE2C3095-CEE4-469E-B23A-D53E0EFA0344} = {032FB9FE-66B8-4764-90EE-6EF7693D099E}
	EndGlobalSection
	GlobalSection(ExtensibilityGlobals) = postSolution
		SolutionGuid = {C9DD0472-EB5E-434B-BEC5-8C72763D9567}
	EndGlobalSection
EndGlobal
